{
  "name": "my-skills-project",
  "version": "1.0.0",
  "lockfileVersion": 3,
  "requires": true,
  "packages": {
    "": {
      "name": "my-skills-project",
      "version": "1.0.0",
      "license": "ISC",
      "dependencies": {
        "copilot-agent-builder": "^0.1.2"
      }
    },
    "node_modules/copilot-agent-builder": {
      "version": "0.1.2",
      "resolved": "https://registry.npmjs.org/copilot-agent-builder/-/copilot-agent-builder-0.1.2.tgz",
      "integrity": "sha512-jIaUSXSWwcUEbzUK4sZWIVSZ1EaI65QqFGx1i+/V3U+wOx/K/zWakOlofg3y6t4Ac1azaWXcVhtMgg4RnL3I8A==",
      "hasInstallScript": true,
      "license": "MIT",
      "bin": {
        "agent-builder": "bin/agent-builder.js"
      },
      "engines": {
        "node": ">=16.0.0"
      }
    }
  }
}
